%{
  "castore": {:hex, :castore, "1.0.18", "5e43ef0ec7d31195dfa5a65a86e6131db999d074179d2ba5a8de11fe14570f55", [:mix], [], "hexpm", "f393e4fe6317829b158fb74d86eb681f737d2fe326aa61ccf6293c4104957e34"},
  "elixir_make": {:hex, :elixir_make, "0.9.0", "6484b3cd8c0cee58f09f05ecaf1a140a8c97670671a6a0e7ab4dc326c3109726", [:mix], [], "hexpm", "db23d4fd8b757462ad02f8aa73431a426fe6671c80b200d9710caf3d1dd0ffdb"},
  "giocci": {:hex, :giocci, "0.4.1", "5dd0b9e166ca3ee4178fb2c6541b0008f5d0d83cfe3e94f28bde94a5429e6eb5", [:mix], [{:zenohex, "0.8.0", [hex: :zenohex, repo: "hexpm", optional: false]}], "hexpm", "cf85d6290a245abdbb7c0c3278cb6337fcac70a01b9e99d4fdca980b822f1ea8"},
  "nimble_csv": {:hex, :nimble_csv, "1.3.0", "b7f998dc62b222bce9596e46f028c7a5af04cb5dde6df2ea197c583227c54971", [:mix], [], "hexpm", "41ccdc18f7c8f8bb06e84164fc51635321e80d5a3b450761c4997d620925d619"},
  "os_info_measurer": {:git, "https://github.com/biyooon-ex/os_info_measurer.git", "9797944bfbf5928cb2860df39180d3e32b2145ab", [tag: "v0.1.3"]},
  "rustler_precompiled": {:hex, :rustler_precompiled, "0.8.4", "700a878312acfac79fb6c572bb8b57f5aae05fe1cf70d34b5974850bbf2c05bf", [:mix], [{:castore, "~> 0.1 or ~> 1.0", [hex: :castore, repo: "hexpm", optional: false]}, {:rustler, "~> 0.23", [hex: :rustler, repo: "hexpm", optional: true]}], "hexpm", "3b33d99b540b15f142ba47944f7a163a25069f6d608783c321029bc1ffb09514"},
  "toml": {:hex, :toml, "0.7.0", "fbcd773caa937d0c7a02c301a1feea25612720ac3fa1ccb8bfd9d30d822911de", [:mix], [], "hexpm", "0690246a2478c1defd100b0c9b89b4ea280a22be9a7b313a8a058a2408a2fa70"},
  "zenohex": {:hex, :zenohex, "0.8.0", "b2915f2d0b2f88b39b92950e8b3e1bac8388689ada6f7406402c28358c84fdd0", [:mix], [{:rustler, "0.37.3", [hex: :rustler, repo: "hexpm", optional: true]}, {:rustler_precompiled, "~> 0.8.2", [hex: :rustler_precompiled, repo: "hexpm", optional: false]}, {:toml, "~> 0.7", [hex: :toml, repo: "hexpm", optional: false]}], "hexpm", "f98efe9f7a4c5d7df0a95f0a4608947e985b89ae8779a2a66d3f0d19bbae4950"},
}
